<?xml version="1.0" encoding="utf-8"?>
<Project ToolsVersion="4.0" xmlns="http://schemas.microsoft.com/developer/msbuild/2003">
  <ItemGroup>
    <Filter Include="Source Files">
      <UniqueIdentifier>{4FC737F1-C7A5-4376-A066-2A32D752A2FF}</UniqueIdentifier>
      <Extensions>cpp;c;cc;cxx;def;odl;idl;hpj;bat;asm;asmx</Extensions>
    </Filter>
    <Filter Include="Resource Files">
      <UniqueIdentifier>{67DA6AB6-F800-4c08-8B7A-83BB121AAD01}</UniqueIdentifier>
      <Extensions>rc;ico;cur;bmp;dlg;rc2;rct;bin;rgs;gif;jpg;jpeg;jpe;resx;tiff;tif;png;wav;mfcribbon-ms</Extensions>
    </Filter>
    <Filter Include="Header Files">
      <UniqueIdentifier>{93995380-89BD-4b04-88EB-625FBE52EBFB}</UniqueIdentifier>
      <Extensions>h;hpp;hxx;hm;inl;inc;xsd</Extensions>
    </Filter>
    <Filter Include="Header Files\System">
      <UniqueIdentifier>{45a0b096-6add-4933-84f0-2318b0b571a3}</UniqueIdentifier>
    </Filter>
    <Filter Include="Header Files\System\Engine">
      <UniqueIdentifier>{148102c8-2a54-40ce-9837-359def76a95c}</UniqueIdentifier>
    </Filter>
    <Filter Include="Source Files\System">
      <UniqueIdentifier>{d3a59d15-ee64-4b3c-a3e8-327ff9172704}</UniqueIdentifier>
    </Filter>
    <Filter Include="Source Files\System\Engine">
      <UniqueIdentifier>{ab9264fb-ed78-48b5-b19e-f0edd37b150c}</UniqueIdentifier>
    </Filter>
    <Filter Include="Header Files\System\User Interface">
      <UniqueIdentifier>{c868125a-4bc2-4b66-b01e-ad3687092476}</UniqueIdentifier>
    </Filter>
    <Filter Include="Source Files\System\User Interface">
      <UniqueIdentifier>{bc55882e-dc55-43e9-982e-c5c218cf15b3}</UniqueIdentifier>
    </Filter>
    <Filter Include="Header Files\Startup Screen">
      <UniqueIdentifier>{e577e2c1-b70d-4b88-9d1d-f3a9747b8f21}</UniqueIdentifier>
    </Filter>
    <Filter Include="Source Files\Startup Screen">
      <UniqueIdentifier>{becb86ec-d5fe-48d8-93c7-89b1fa414e4e}</UniqueIdentifier>
    </Filter>
  </ItemGroup>
  <ItemGroup>
    <ClInclude Include="main_menu.h">
      <Filter>Header Files\Startup Screen</Filter>
    </ClInclude>
    <ClInclude Include="render_opengl.h">
      <Filter>Header Files\System\Engine</Filter>
    </ClInclude>
    <ClInclude Include="render.h">
      <Filter>Header Files\System\Engine</Filter>
    </ClInclude>
    <ClInclude Include="polygon.h">
      <Filter>Header Files\System\Engine</Filter>
    </ClInclude>
    <ClInclude Include="ui_button.h">
      <Filter>Header Files\System\User Interface</Filter>
    </ClInclude>
    <ClInclude Include="setmap.h">
      <Filter>Header Files\System\Engine</Filter>
    </ClInclude>
    <ClInclude Include="render_startup.h">
      <Filter>Header Files\Startup Screen</Filter>
    </ClInclude>
    <ClInclude Include="main.h">
      <Filter>Header Files</Filter>
    </ClInclude>
  </ItemGroup>
  <ItemGroup>
    <ClCompile Include="main_menu.cpp">
      <Filter>Source Files\Startup Screen</Filter>
    </ClCompile>
    <ClCompile Include="main.cpp">
      <Filter>Source Files</Filter>
    </ClCompile>
    <ClCompile Include="render_opengl.cpp">
      <Filter>Source Files\System\Engine</Filter>
    </ClCompile>
    <ClCompile Include="render.cpp">
      <Filter>Source Files\System\Engine</Filter>
    </ClCompile>
    <ClCompile Include="polygon.cpp">
      <Filter>Source Files\System\Engine</Filter>
    </ClCompile>
    <ClCompile Include="ui_button.cpp">
      <Filter>Source Files\System\User Interface</Filter>
    </ClCompile>
    <ClCompile Include="setmap.cpp">
      <Filter>Source Files\System\Engine</Filter>
    </ClCompile>
    <ClCompile Include="render_startup.cpp">
      <Filter>Source Files\Startup Screen</Filter>
    </ClCompile>
  </ItemGroup>
</Project>